
Microsoft Visual Studio Solution File, Format Version 12.00
# Visual Studio Version 17
VisualStudioVersion = 17.6.33815.320
MinimumVisualStudioVersion = 10.0.40219.1
Project("{FAE04EC0-301F-11D3-BF4B-00C04F79EFBC}") = "GoogleCloudMvc6Lab1", "GoogleCloudMvc6Lab1\GoogleCloudMvc6Lab1.csproj", "{BDFDB65E-E458-45EF-8A2E-B65961C48659}"
EndProject
Global
	GlobalSection(SolutionConfigurationPlatforms) = preSolution
		Debug|Any CPU = Debug|Any CPU
		Release|Any CPU = Release|Any CPU
	EndGlobalSection
	GlobalSection(ProjectConfigurationPlatforms) = postSolution
		{BDFDB65E-E458-45EF-8A2E-B65961C48659}.Debug|Any CPU.ActiveCfg = Debug|Any CPU
		{BDFDB65E-E458-45EF-8A2E-B65961C48659}.Debug|Any CPU.Build.0 = Debug|Any CPU
		{BDFDB65E-E458-45EF-8A2E-B65961C48659}.Release|Any CPU.ActiveCfg = Release|Any CPU
		{BDFDB65E-E458-45EF-8A2E-B65961C48659}.Release|Any CPU.Build.0 = Release|Any CPU
	EndGlobalSection
	GlobalSection(SolutionProperties) = preSolution
		HideSolutionNode = FALSE
	EndGlobalSection
	GlobalSection(ExtensibilityGlobals) = postSolution
		SolutionGuid = {48D1E6C4-667C-4F45-BF9A-EE8DFFDE8C14}
	EndGlobalSection
EndGlobal
